// !$*UTF8*$!
{
	archiveVersion = 1;
	classes = {
	};
	objectVersion = 56;
	objects = {

/* Begin PBXBuildFile section */
		179528B329631746003A4C33 /* AppDelegate.swift in Sources */ = {isa = PBXBuildFile; fileRef = 179528B229631746003A4C33 /* AppDelegate.swift */; };
		179528B529631746003A4C33 /* SceneDelegate.swift in Sources */ = {isa = PBXBuildFile; fileRef = 179528B429631746003A4C33 /* SceneDelegate.swift */; };
		179528B729631746003A4C33 /* RMTabViewController.swift in Sources */ = {isa = PBXBuildFile; fileRef = 179528B629631746003A4C33 /* RMTabViewController.swift */; };
		179528BC29631747003A4C33 /* Assets.xcassets in Resources */ = {isa = PBXBuildFile; fileRef = 179528BB29631747003A4C33 /* Assets.xcassets */; };
		179528BF29631747003A4C33 /* LaunchScreen.storyboard in Resources */ = {isa = PBXBuildFile; fileRef = 179528BD29631747003A4C33 /* LaunchScreen.storyboard */; };
		179528CE29631A8E003A4C33 /* RMLocation.swift in Sources */ = {isa = PBXBuildFile; fileRef = 179528CD29631A8E003A4C33 /* RMLocation.swift */; };
		179528D029631A9E003A4C33 /* RMCharacter.swift in Sources */ = {isa = PBXBuildFile; fileRef = 179528CF29631A9E003A4C33 /* RMCharacter.swift */; };
		179528D229631AB3003A4C33 /* RMEpisode.swift in Sources */ = {isa = PBXBuildFile; fileRef = 179528D129631AB3003A4C33 /* RMEpisode.swift */; };
		179528D729631C30003A4C33 /* RMCharacterViewController.swift in Sources */ = {isa = PBXBuildFile; fileRef = 179528D629631C30003A4C33 /* RMCharacterViewController.swift */; };
		179528D929631C45003A4C33 /* RMEpisodeViewController.swift in Sources */ = {isa = PBXBuildFile; fileRef = 179528D829631C45003A4C33 /* RMEpisodeViewController.swift */; };
		179528DC29631C77003A4C33 /* RMLocationViewController.swift in Sources */ = {isa = PBXBuildFile; fileRef = 179528DB29631C77003A4C33 /* RMLocationViewController.swift */; };
		179528DE29631D86003A4C33 /* RMSettingsViewController.swift in Sources */ = {isa = PBXBuildFile; fileRef = 179528DD29631D86003A4C33 /* RMSettingsViewController.swift */; };
/* End PBXBuildFile section */

/* Begin PBXFileReference section */
		179528AF29631746003A4C33 /* RickAndMrty.app */ = {isa = PBXFileReference; explicitFileType = wrapper.application; includeInIndex = 0; path = RickAndMrty.app; sourceTree = BUILT_PRODUCTS_DIR; };
		179528B229631746003A4C33 /* AppDelegate.swift */ = {isa = PBXFileReference; lastKnownFileType = sourcecode.swift; path = AppDelegate.swift; sourceTree = "<group>"; };
		179528B429631746003A4C33 /* SceneDelegate.swift */ = {isa = PBXFileReference; lastKnownFileType = sourcecode.swift; path = SceneDelegate.swift; sourceTree = "<group>"; };
		179528B629631746003A4C33 /* RMTabViewController.swift */ = {isa = PBXFileReference; lastKnownFileType = sourcecode.swift; path = RMTabViewController.swift; sourceTree = "<group>"; };
		179528BB29631747003A4C33 /* Assets.xcassets */ = {isa = PBXFileReference; lastKnownFileType = folder.assetcatalog; path = Assets.xcassets; sourceTree = "<group>"; };
		179528BE29631747003A4C33 /* Base */ = {isa = PBXFileReference; lastKnownFileType = file.storyboard; name = Base; path = Base.lproj/LaunchScreen.storyboard; sourceTree = "<group>"; };
		179528C029631747003A4C33 /* Info.plist */ = {isa = PBXFileReference; lastKnownFileType = text.plist.xml; path = Info.plist; sourceTree = "<group>"; };
		179528CD29631A8E003A4C33 /* RMLocation.swift */ = {isa = PBXFileReference; lastKnownFileType = sourcecode.swift; path = RMLocation.swift; sourceTree = "<group>"; };
		179528CF29631A9E003A4C33 /* RMCharacter.swift */ = {isa = PBXFileReference; lastKnownFileType = sourcecode.swift; path = RMCharacter.swift; sourceTree = "<group>"; };
		179528D129631AB3003A4C33 /* RMEpisode.swift */ = {isa = PBXFileReference; lastKnownFileType = sourcecode.swift; path = RMEpisode.swift; sourceTree = "<group>"; };
		179528D629631C30003A4C33 /* RMCharacterViewController.swift */ = {isa = PBXFileReference; lastKnownFileType = sourcecode.swift; path = RMCharacterViewController.swift; sourceTree = "<group>"; };
		179528D829631C45003A4C33 /* RMEpisodeViewController.swift */ = {isa = PBXFileReference; lastKnownFileType = sourcecode.swift; path = RMEpisodeViewController.swift; sourceTree = "<group>"; };
		179528DB29631C77003A4C33 /* RMLocationViewController.swift */ = {isa = PBXFileReference; lastKnownFileType = sourcecode.swift; path = RMLocationViewController.swift; sourceTree = "<group>"; };
		179528DD29631D86003A4C33 /* RMSettingsViewController.swift */ = {isa = PBXFileReference; lastKnownFileType = sourcecode.swift; path = RMSettingsViewController.swift; sourceTree = "<group>"; };
/* End PBXFileReference section */

/* Begin PBXFrameworksBuildPhase section */
		179528AC29631746003A4C33 /* Frameworks */ = {
			isa = PBXFrameworksBuildPhase;
			buildActionMask = 2147483647;
			files = (
			);
			runOnlyForDeploymentPostprocessing = 0;
		};
/* End PBXFrameworksBuildPhase section */

/* Begin PBXGroup section */
		179528A629631746003A4C33 = {
			isa = PBXGroup;
			children = (
				179528B129631746003A4C33 /* RickAndMrty */,
				179528B029631746003A4C33 /* Products */,
			);
			sourceTree = "<group>";
		};
		179528B029631746003A4C33 /* Products */ = {
			isa = PBXGroup;
			children = (
				179528AF29631746003A4C33 /* RickAndMrty.app */,
			);
			name = Products;
			sourceTree = "<group>";
		};
		179528B129631746003A4C33 /* RickAndMrty */ = {
			isa = PBXGroup;
			children = (
				179528CC29631A18003A4C33 /* Recources */,
				179528CB29631A0E003A4C33 /* Managers */,
				179528CA29631A03003A4C33 /* APIClient */,
				179528C9296319F5003A4C33 /* ViewModels */,
				179528C8296319EB003A4C33 /* Views */,
				179528C7296319E5003A4C33 /* Models */,
				179528C6296319DA003A4C33 /* Controllers */,
				179528C029631747003A4C33 /* Info.plist */,
			);
			path = RickAndMrty;
			sourceTree = "<group>";
		};
		179528C6296319DA003A4C33 /* Controllers */ = {
			isa = PBXGroup;
			children = (
				179528D529631BCB003A4C33 /* Core */,
			);
			path = Controllers;
			sourceTree = "<group>";
		};
		179528C7296319E5003A4C33 /* Models */ = {
			isa = PBXGroup;
			children = (
				179528CD29631A8E003A4C33 /* RMLocation.swift */,
				179528CF29631A9E003A4C33 /* RMCharacter.swift */,
				179528D129631AB3003A4C33 /* RMEpisode.swift */,
			);
			path = Models;
			sourceTree = "<group>";
		};
		179528C8296319EB003A4C33 /* Views */ = {
			isa = PBXGroup;
			children = (
			);
			path = Views;
			sourceTree = "<group>";
		};
		179528C9296319F5003A4C33 /* ViewModels */ = {
			isa = PBXGroup;
			children = (
			);
			path = ViewModels;
			sourceTree = "<group>";
		};
		179528CA29631A03003A4C33 /* APIClient */ = {
			isa = PBXGroup;
			children = (
			);
			path = APIClient;
			sourceTree = "<group>";
		};
		179528CB29631A0E003A4C33 /* Managers */ = {
			isa = PBXGroup;
			children = (
			);
			path = Managers;
			sourceTree = "<group>";
		};
		179528CC29631A18003A4C33 /* Recources */ = {
			isa = PBXGroup;
			children = (
				179528B229631746003A4C33 /* AppDelegate.swift */,
				179528B429631746003A4C33 /* SceneDelegate.swift */,
				179528BB29631747003A4C33 /* Assets.xcassets */,
				179528BD29631747003A4C33 /* LaunchScreen.storyboard */,
			);
			path = Recources;
			sourceTree = "<group>";
		};
		179528D529631BCB003A4C33 /* Core */ = {
			isa = PBXGroup;
			children = (
				179528B629631746003A4C33 /* RMTabViewController.swift */,
				179528D629631C30003A4C33 /* RMCharacterViewController.swift */,
				179528D829631C45003A4C33 /* RMEpisodeViewController.swift */,
				179528DB29631C77003A4C33 /* RMLocationViewController.swift */,
				179528DD29631D86003A4C33 /* RMSettingsViewController.swift */,
			);
			path = Core;
			sourceTree = "<group>";
		};
/* End PBXGroup section */

/* Begin PBXNativeTarget section */
		179528AE29631746003A4C33 /* RickAndMrty */ = {
			isa = PBXNativeTarget;
			buildConfigurationList = 179528C329631747003A4C33 /* Build configuration list for PBXNativeTarget "RickAndMrty" */;
			buildPhases = (
				179528AB29631746003A4C33 /* Sources */,
				179528AC29631746003A4C33 /* Frameworks */,
				179528AD29631746003A4C33 /* Resources */,
			);
			buildRules = (
			);
			dependencies = (
			);
			name = RickAndMrty;
			productName = RickAndMrty;
			productReference = 179528AF29631746003A4C33 /* RickAndMrty.app */;
			productType = "com.apple.product-type.application";
		};
/* End PBXNativeTarget section */

/* Begin PBXProject section */
		179528A729631746003A4C33 /* Project object */ = {
			isa = PBXProject;
			attributes = {
				BuildIndependentTargetsInParallel = 1;
				LastSwiftUpdateCheck = 1420;
				LastUpgradeCheck = 1420;
				TargetAttributes = {
					179528AE29631746003A4C33 = {
						CreatedOnToolsVersion = 14.2;
					};
				};
			};
			buildConfigurationList = 179528AA29631746003A4C33 /* Build configuration list for PBXProject "RickAndMrty" */;
			compatibilityVersion = "Xcode 14.0";
			developmentRegion = en;
			hasScannedForEncodings = 0;
			knownRegions = (
				en,
				Base,
			);
			mainGroup = 179528A629631746003A4C33;
			productRefGroup = 179528B029631746003A4C33 /* Products */;
			projectDirPath = "";
			projectRoot = "";
			targets = (
				179528AE29631746003A4C33 /* RickAndMrty */,
			);
		};
/* End PBXProject section */

/* Begin PBXResourcesBuildPhase section */
		179528AD29631746003A4C33 /* Resources */ = {
			isa = PBXResourcesBuildPhase;
			buildActionMask = 2147483647;
			files = (
				179528BF29631747003A4C33 /* LaunchScreen.storyboard in Resources */,
				179528BC29631747003A4C33 /* Assets.xcassets in Resources */,
			);
			runOnlyForDeploymentPostprocessing = 0;
		};
/* End PBXResourcesBuildPhase section */

/* Begin PBXSourcesBuildPhase section */
		179528AB29631746003A4C33 /* Sources */ = {
			isa = PBXSourcesBuildPhase;
			buildActionMask = 2147483647;
			files = (
				179528DC29631C77003A4C33 /* RMLocationViewController.swift in Sources */,
				179528D229631AB3003A4C33 /* RMEpisode.swift in Sources */,
				179528B729631746003A4C33 /* RMTabViewController.swift in Sources */,
				179528B329631746003A4C33 /* AppDelegate.swift in Sources */,
				179528B529631746003A4C33 /* SceneDelegate.swift in Sources */,
				179528CE29631A8E003A4C33 /* RMLocation.swift in Sources */,
				179528DE29631D86003A4C33 /* RMSettingsViewController.swift in Sources */,
				179528D029631A9E003A4C33 /* RMCharacter.swift in Sources */,
				179528D729631C30003A4C33 /* RMCharacterViewController.swift in Sources */,
				179528D929631C45003A4C33 /* RMEpisodeViewController.swift in Sources */,
			);
			runOnlyForDeploymentPostprocessing = 0;
		};
/* End PBXSourcesBuildPhase section */

/* Begin PBXVariantGroup section */
		179528BD29631747003A4C33 /* LaunchScreen.storyboard */ = {
			isa = PBXVariantGroup;
			children = (
				179528BE29631747003A4C33 /* Base */,
			);
			name = LaunchScreen.storyboard;
			sourceTree = "<group>";
		};
/* End PBXVariantGroup section */

/* Begin XCBuildConfiguration section */
		179528C129631747003A4C33 /* Debug */ = {
			isa = XCBuildConfiguration;
			buildSettings = {
				ALWAYS_SEARCH_USER_PATHS = NO;
				CLANG_ANALYZER_NONNULL = YES;
				CLANG_ANALYZER_NUMBER_OBJECT_CONVERSION = YES_AGGRESSIVE;
				CLANG_CXX_LANGUAGE_STANDARD = "gnu++20";
				CLANG_ENABLE_MODULES = YES;
				CLANG_ENABLE_OBJC_ARC = YES;
				CLANG_ENABLE_OBJC_WEAK = YES;
				CLANG_WARN_BLOCK_CAPTURE_AUTORELEASING = YES;
				CLANG_WARN_BOOL_CONVERSION = YES;
				CLANG_WARN_COMMA = YES;
				CLANG_WARN_CONSTANT_CONVERSION = YES;
				CLANG_WARN_DEPRECATED_OBJC_IMPLEMENTATIONS = YES;
				CLANG_WARN_DIRECT_OBJC_ISA_USAGE = YES_ERROR;
				CLANG_WARN_DOCUMENTATION_COMMENTS = YES;
				CLANG_WARN_EMPTY_BODY = YES;
				CLANG_WARN_ENUM_CONVERSION = YES;
				CLANG_WARN_INFINITE_RECURSION = YES;
				CLANG_WARN_INT_CONVERSION = YES;
				CLANG_WARN_NON_LITERAL_NULL_CONVERSION = YES;
				CLANG_WARN_OBJC_IMPLICIT_RETAIN_SELF = YES;
				CLANG_WARN_OBJC_LITERAL_CONVERSION = YES;
				CLANG_WARN_OBJC_ROOT_CLASS = YES_ERROR;
				CLANG_WARN_QUOTED_INCLUDE_IN_FRAMEWORK_HEADER = YES;
				CLANG_WARN_RANGE_LOOP_ANALYSIS = YES;
				CLANG_WARN_STRICT_PROTOTYPES = YES;
				CLANG_WARN_SUSPICIOUS_MOVE = YES;
				CLANG_WARN_UNGUARDED_AVAILABILITY = YES_AGGRESSIVE;
				CLANG_WARN_UNREACHABLE_CODE = YES;
				CLANG_WARN__DUPLICATE_METHOD_MATCH = YES;
				COPY_PHASE_STRIP = NO;
				DEBUG_INFORMATION_FORMAT = dwarf;
				ENABLE_STRICT_OBJC_MSGSEND = YES;
				ENABLE_TESTABILITY = YES;
				GCC_C_LANGUAGE_STANDARD = gnu11;
				GCC_DYNAMIC_NO_PIC = NO;
				GCC_NO_COMMON_BLOCKS = YES;
				GCC_OPTIMIZATION_LEVEL = 0;
				GCC_PREPROCESSOR_DEFINITIONS = (
					"DEBUG=1",
					"$(inherited)",
				);
				GCC_WARN_64_TO_32_BIT_CONVERSION = YES;
				GCC_WARN_ABOUT_RETURN_TYPE = YES_ERROR;
				GCC_WARN_UNDECLARED_SELECTOR = YES;
				GCC_WARN_UNINITIALIZED_AUTOS = YES_AGGRESSIVE;
				GCC_WARN_UNUSED_FUNCTION = YES;
				GCC_WARN_UNUSED_VARIABLE = YES;
				IPHONEOS_DEPLOYMENT_TARGET = 16.2;
				MTL_ENABLE_DEBUG_INFO = INCLUDE_SOURCE;
				MTL_FAST_MATH = YES;
				ONLY_ACTIVE_ARCH = YES;
				SDKROOT = iphoneos;
				SWIFT_ACTIVE_COMPILATION_CONDITIONS = DEBUG;
				SWIFT_OPTIMIZATION_LEVEL = "-Onone";
			};
			name = Debug;
		};
		179528C229631747003A4C33 /* Release */ = {
			isa = XCBuildConfiguration;
			buildSettings = {
				ALWAYS_SEARCH_USER_PATHS = NO;
				CLANG_ANALYZER_NONNULL = YES;
				CLANG_ANALYZER_NUMBER_OBJECT_CONVERSION = YES_AGGRESSIVE;
				CLANG_CXX_LANGUAGE_STANDARD = "gnu++20";
				CLANG_ENABLE_MODULES = YES;
				CLANG_ENABLE_OBJC_ARC = YES;
				CLANG_ENABLE_OBJC_WEAK = YES;
				CLANG_WARN_BLOCK_CAPTURE_AUTORELEASING = YES;
				CLANG_WARN_BOOL_CONVERSION = YES;
				CLANG_WARN_COMMA = YES;
				CLANG_WARN_CONSTANT_CONVERSION = YES;
				CLANG_WARN_DEPRECATED_OBJC_IMPLEMENTATIONS = YES;
				CLANG_WARN_DIRECT_OBJC_ISA_USAGE = YES_ERROR;
				CLANG_WARN_DOCUMENTATION_COMMENTS = YES;
				CLANG_WARN_EMPTY_BODY = YES;
				CLANG_WARN_ENUM_CONVERSION = YES;
				CLANG_WARN_INFINITE_RECURSION = YES;
				CLANG_WARN_INT_CONVERSION = YES;
				CLANG_WARN_NON_LITERAL_NULL_CONVERSION = YES;
				CLANG_WARN_OBJC_IMPLICIT_RETAIN_SELF = YES;
				CLANG_WARN_OBJC_LITERAL_CONVERSION = YES;
				CLANG_WARN_OBJC_ROOT_CLASS = YES_ERROR;
				CLANG_WARN_QUOTED_INCLUDE_IN_FRAMEWORK_HEADER = YES;
				CLANG_WARN_RANGE_LOOP_ANALYSIS = YES;
				CLANG_WARN_STRICT_PROTOTYPES = YES;
				CLANG_WARN_SUSPICIOUS_MOVE = YES;
				CLANG_WARN_UNGUARDED_AVAILABILITY = YES_AGGRESSIVE;
				CLANG_WARN_UNREACHABLE_CODE = YES;
				CLANG_WARN__DUPLICATE_METHOD_MATCH = YES;
				COPY_PHASE_STRIP = NO;
				DEBUG_INFORMATION_FORMAT = "dwarf-with-dsym";
				ENABLE_NS_ASSERTIONS = NO;
				ENABLE_STRICT_OBJC_MSGSEND = YES;
				GCC_C_LANGUAGE_STANDARD = gnu11;
				GCC_NO_COMMON_BLOCKS = YES;
				GCC_WARN_64_TO_32_BIT_CONVERSION = YES;
				GCC_WARN_ABOUT_RETURN_TYPE = YES_ERROR;
				GCC_WARN_UNDECLARED_SELECTOR = YES;
				GCC_WARN_UNINITIALIZED_AUTOS = YES_AGGRESSIVE;
				GCC_WARN_UNUSED_FUNCTION = YES;
				GCC_WARN_UNUSED_VARIABLE = YES;
				IPHONEOS_DEPLOYMENT_TARGET = 16.2;
				MTL_ENABLE_DEBUG_INFO = NO;
				MTL_FAST_MATH = YES;
				SDKROOT = iphoneos;
				SWIFT_COMPILATION_MODE = wholemodule;
				SWIFT_OPTIMIZATION_LEVEL = "-O";
				VALIDATE_PRODUCT = YES;
			};
			name = Release;
		};
		179528C429631747003A4C33 /* Debug */ = {
			isa = XCBuildConfiguration;
			buildSettings = {
				ASSETCATALOG_COMPILER_APPICON_NAME = AppIcon;
				ASSETCATALOG_COMPILER_GLOBAL_ACCENT_COLOR_NAME = AccentColor;
				CODE_SIGN_STYLE = Automatic;
				CURRENT_PROJECT_VERSION = 1;
				GENERATE_INFOPLIST_FILE = YES;
				INFOPLIST_FILE = RickAndMrty/Info.plist;
				INFOPLIST_KEY_UIApplicationSupportsIndirectInputEvents = YES;
				INFOPLIST_KEY_UILaunchStoryboardName = LaunchScreen;
				INFOPLIST_KEY_UISupportedInterfaceOrientations_iPad = "UIInterfaceOrientationPortrait UIInterfaceOrientationPortraitUpsideDown UIInterfaceOrientationLandscapeLeft UIInterfaceOrientationLandscapeRight";
				INFOPLIST_KEY_UISupportedInterfaceOrientations_iPhone = "UIInterfaceOrientationPortrait UIInterfaceOrientationLandscapeLeft UIInterfaceOrientationLandscapeRight";
				LD_RUNPATH_SEARCH_PATHS = (
					"$(inherited)",
					"@executable_path/Frameworks",
				);
				MARKETING_VERSION = 1.0;
				PRODUCT_BUNDLE_IDENTIFIER = xxx.RickAndMrty;
				PRODUCT_NAME = "$(TARGET_NAME)";
				SWIFT_EMIT_LOC_STRINGS = YES;
				SWIFT_VERSION = 5.0;
				TARGETED_DEVICE_FAMILY = "1,2";
			};
			name = Debug;
		};
		179528C529631747003A4C33 /* Release */ = {
			isa = XCBuildConfiguration;
			buildSettings = {
				ASSETCATALOG_COMPILER_APPICON_NAME = AppIcon;
				ASSETCATALOG_COMPILER_GLOBAL_ACCENT_COLOR_NAME = AccentColor;
				CODE_SIGN_STYLE = Automatic;
				CURRENT_PROJECT_VERSION = 1;
				GENERATE_INFOPLIST_FILE = YES;
				INFOPLIST_FILE = RickAndMrty/Info.plist;
				INFOPLIST_KEY_UIApplicationSupportsIndirectInputEvents = YES;
				INFOPLIST_KEY_UILaunchStoryboardName = LaunchScreen;
				INFOPLIST_KEY_UISupportedInterfaceOrientations_iPad = "UIInterfaceOrientationPortrait UIInterfaceOrientationPortraitUpsideDown UIInterfaceOrientationLandscapeLeft UIInterfaceOrientationLandscapeRight";
				INFOPLIST_KEY_UISupportedInterfaceOrientations_iPhone = "UIInterfaceOrientationPortrait UIInterfaceOrientationLandscapeLeft UIInterfaceOrientationLandscapeRight";
				LD_RUNPATH_SEARCH_PATHS = (
					"$(inherited)",
					"@executable_path/Frameworks",
				);
				MARKETING_VERSION = 1.0;
				PRODUCT_BUNDLE_IDENTIFIER = xxx.RickAndMrty;
				PRODUCT_NAME = "$(TARGET_NAME)";
				SWIFT_EMIT_LOC_STRINGS = YES;
				SWIFT_VERSION = 5.0;
				TARGETED_DEVICE_FAMILY = "1,2";
			};
			name = Release;
		};
/* End XCBuildConfiguration section */

/* Begin XCConfigurationList section */
		179528AA29631746003A4C33 /* Build configuration list for PBXProject "RickAndMrty" */ = {
			isa = XCConfigurationList;
			buildConfigurations = (
				179528C129631747003A4C33 /* Debug */,
				179528C229631747003A4C33 /* Release */,
			);
			defaultConfigurationIsVisible = 0;
			defaultConfigurationName = Release;
		};
		179528C329631747003A4C33 /* Build configuration list for PBXNativeTarget "RickAndMrty" */ = {
			isa = XCConfigurationList;
			buildConfigurations = (
				179528C429631747003A4C33 /* Debug */,
				179528C529631747003A4C33 /* Release */,
			);
			defaultConfigurationIsVisible = 0;
			defaultConfigurationName = Release;
		};
/* End XCConfigurationList section */
	};
	rootObject = 179528A729631746003A4C33 /* Project object */;
}
